
Microsoft Visual Studio Solution File, Format Version 12.00
# Visual Studio Version 16
VisualStudioVersion = 16.0.32413.511
MinimumVisualStudioVersion = 10.0.40219.1
Project("{8BC9CEB8-8B4A-11D0-8D11-00A0C91BC942}") = "Ejercicio01y02DIBUJARCUADRADO", "Hoja01Puntos y Funciones\Hoja01Puntos y Funciones.vcxproj", "{E3004422-DEAE-4C26-A84D-128EEC9A6883}"
EndProject
Project("{8BC9CEB8-8B4A-11D0-8D11-00A0C91BC942}") = "Ejercicio03y04 Db.Cuadrado X E Y, COLORES A LA IMPRESION", "Ejercico3\Ejercico3.vcxproj", "{B595C40E-DB0A-473F-B07A-82FB45A9FFFD}"
EndProject
Project("{8BC9CEB8-8B4A-11D0-8D11-00A0C91BC942}") = "Ejercicio07Bisiesto", "Ejercicio07\Ejercicio07.vcxproj", "{8E0919A9-02B2-4F02-9CF3-EDBB8A0CF1AC}"
EndProject
Project("{8BC9CEB8-8B4A-11D0-8D11-00A0C91BC942}") = "Ejercicio09with punteros", "Ejercicio09\Ejercicio09.vcxproj", "{AD070160-141F-4E70-96B4-9D58A07F744F}"
EndProject
Project("{8BC9CEB8-8B4A-11D0-8D11-00A0C91BC942}") = "Ejercicio12", "Ejercicio12\Ejercicio12.vcxproj", "{F8CF0D19-4971-4E0D-B0C5-604C7A54B527}"
EndProject
Project("{8BC9CEB8-8B4A-11D0-8D11-00A0C91BC942}") = "-Ejercicio11,esta enelEjer12", "Ejercicio11\Ejercicio11.vcxproj", "{D93594E4-3624-4422-AE2A-6837FC50DA36}"
EndProject
Project("{8BC9CEB8-8B4A-11D0-8D11-00A0C91BC942}") = "-Ejercicio13", "Ejercicio13\Ejercicio13.vcxproj", "{7D64090E-F44B-4F64-A3DC-A4BF17AD27CA}"
EndProject
Project("{8BC9CEB8-8B4A-11D0-8D11-00A0C91BC942}") = "Ejercicio14", "Ejercicio14\Ejercicio14.vcxproj", "{A4106FBB-ECBB-49BD-8A2D-0226E3B77D92}"
EndProject
Project("{8BC9CEB8-8B4A-11D0-8D11-00A0C91BC942}") = "Ejercicio15fraccion", "Ejercicio15\Ejercicio15.vcxproj", "{3242514D-9A58-4459-B73C-F99D81A64DF5}"
EndProject
Project("{8BC9CEB8-8B4A-11D0-8D11-00A0C91BC942}") = "Ejercicio17ec.cuadratica", "Ejercicio17\Ejercicio17.vcxproj", "{A67723F3-27BA-4794-9110-FC94C27B1FFE}"
EndProject
Project("{8BC9CEB8-8B4A-11D0-8D11-00A0C91BC942}") = "Ejercicio08", "Ejercicio08\Ejercicio08.vcxproj", "{D6F032C5-603A-45F2-95ED-5EFAE9BEF042}"
EndProject
Project("{8BC9CEB8-8B4A-11D0-8D11-00A0C91BC942}") = "Ejercicio18invertirnumber", "Ejercicio18\Ejercicio18.vcxproj", "{60562760-8BC8-4FD3-9F81-538A26700AD8}"
EndProject
Project("{8BC9CEB8-8B4A-11D0-8D11-00A0C91BC942}") = "Ejercicio19", "Ejercicio19\Ejercicio19.vcxproj", "{0D2C0050-6828-4769-B68E-9C04BB484FB5}"
EndProject
Project("{8BC9CEB8-8B4A-11D0-8D11-00A0C91BC942}") = "Ejercicio20", "Ejercicio20\Ejercicio20.vcxproj", "{593290AF-5BCC-4BF9-A09C-3D35058292B4}"
EndProject
Project("{8BC9CEB8-8B4A-11D0-8D11-00A0C91BC942}") = "Ejercicio23y24", "Ejercicio23\Ejercicio23.vcxproj", "{62F9DE71-BEF8-484E-9B98-85A4BC6CF7F1}"
EndProject
Project("{8BC9CEB8-8B4A-11D0-8D11-00A0C91BC942}") = "Ejercicio25y26", "Ejercicio25\Ejercicio25.vcxproj", "{29470BEF-37C5-4A62-BC12-40033F8ED0E9}"
EndProject
Project("{8BC9CEB8-8B4A-11D0-8D11-00A0C91BC942}") = "Ejercicio27", "Ejercicio27\Ejercicio27.vcxproj", "{25A37E64-C455-43A7-B213-F15B844D1245}"
EndProject
Project("{8BC9CEB8-8B4A-11D0-8D11-00A0C91BC942}") = "Ejercicio28", "Ejercicio28\Ejercicio28.vcxproj", "{B2CAD055-81FE-41EE-8F53-4785E0373D4A}"
EndProject
Project("{8BC9CEB8-8B4A-11D0-8D11-00A0C91BC942}") = "Ejercicio29", "Ejercicio29\Ejercicio29.vcxproj", "{102BF712-C6AB-4727-987B-A3D5F3C2D926}"
EndProject
Project("{8BC9CEB8-8B4A-11D0-8D11-00A0C91BC942}") = "Ejercicio41", "Ejercicio41\Ejercicio41.vcxproj", "{79170B28-1078-492C-84EC-E6A90C5BBA5A}"
EndProject
Project("{8BC9CEB8-8B4A-11D0-8D11-00A0C91BC942}") = "Ejercicio39", "Ejercicio39\Ejercicio39.vcxproj", "{C4E7FC27-3C95-4DE9-AF54-703C02566D77}"
EndProject
Project("{8BC9CEB8-8B4A-11D0-8D11-00A0C91BC942}") = "Ejercicio30", "Ejercicio30\Ejercicio30.vcxproj", "{EEC2AFB6-6FB2-4C54-8FD7-974E3818C15B}"
EndProject
Project("{8BC9CEB8-8B4A-11D0-8D11-00A0C91BC942}") = "Ejercicio31", "Ejercicio31\Ejercicio31.vcxproj", "{630AA74C-7A6B-4ACD-A350-4ACF98E787C6}"
EndProject
Project("{8BC9CEB8-8B4A-11D0-8D11-00A0C91BC942}") = "Ejercicio32", "Ejercicio32\Ejercicio32.vcxproj", "{5A2A2594-ACE6-40DD-8AF3-1FA38162847F}"
EndProject
Project("{8BC9CEB8-8B4A-11D0-8D11-00A0C91BC942}") = "Ejercicio33", "Ejercicio33\Ejercicio33.vcxproj", "{CAC6AD41-8CC9-4AA3-A682-64AFC59D3D3F}"
EndProject
Project("{8BC9CEB8-8B4A-11D0-8D11-00A0C91BC942}") = "Ejercicio34", "Ejercicio34\Ejercicio34.vcxproj", "{DA4C3D64-3E70-407B-A765-DF3D63F6580A}"
EndProject
Project("{8BC9CEB8-8B4A-11D0-8D11-00A0C91BC942}") = "Ejercicio36", "Ejercicio35\Ejercicio35.vcxproj", "{282AFF31-8B13-44F4-87C4-E6B88D204940}"
EndProject
Project("{8BC9CEB8-8B4A-11D0-8D11-00A0C91BC942}") = "Ejercicio40", "Ejercicio40\Ejercicio40.vcxproj", "{FF80C96C-F0A0-4243-AEBA-D6EA4701D750}"
EndProject
Global
	GlobalSection(SolutionConfigurationPlatforms) = preSolution
		Debug|x64 = Debug|x64
		Debug|x86 = Debug|x86
		Release|x64 = Release|x64
		Release|x86 = Release|x86
	EndGlobalSection
	GlobalSection(ProjectConfigurationPlatforms) = postSolution
		{E3004422-DEAE-4C26-A84D-128EEC9A6883}.Debug|x64.ActiveCfg = Debug|x64
		{E3004422-DEAE-4C26-A84D-128EEC9A6883}.Debug|x64.Build.0 = Debug|x64
		{E3004422-DEAE-4C26-A84D-128EEC9A6883}.Debug|x86.ActiveCfg = Debug|Win32
		{E3004422-DEAE-4C26-A84D-128EEC9A6883}.Debug|x86.Build.0 = Debug|Win32
		{E3004422-DEAE-4C26-A84D-128EEC9A6883}.Release|x64.ActiveCfg = Release|x64
		{E3004422-DEAE-4C26-A84D-128EEC9A6883}.Release|x64.Build.0 = Release|x64
		{E3004422-DEAE-4C26-A84D-128EEC9A6883}.Release|x86.ActiveCfg = Release|Win32
		{E3004422-DEAE-4C26-A84D-128EEC9A6883}.Release|x86.Build.0 = Release|Win32
		{B595C40E-DB0A-473F-B07A-82FB45A9FFFD}.Debug|x64.ActiveCfg = Debug|x64
		{B595C40E-DB0A-473F-B07A-82FB45A9FFFD}.Debug|x64.Build.0 = Debug|x64
		{B595C40E-DB0A-473F-B07A-82FB45A9FFFD}.Debug|x86.ActiveCfg = Debug|Win32
		{B595C40E-DB0A-473F-B07A-82FB45A9FFFD}.Debug|x86.Build.0 = Debug|Win32
		{B595C40E-DB0A-473F-B07A-82FB45A9FFFD}.Release|x64.ActiveCfg = Release|x64
		{B595C40E-DB0A-473F-B07A-82FB45A9FFFD}.Release|x64.Build.0 = Release|x64
		{B595C40E-DB0A-473F-B07A-82FB45A9FFFD}.Release|x86.ActiveCfg = Release|Win32
		{B595C40E-DB0A-473F-B07A-82FB45A9FFFD}.Release|x86.Build.0 = Release|Win32
		{8E0919A9-02B2-4F02-9CF3-EDBB8A0CF1AC}.Debug|x64.ActiveCfg = Debug|x64
		{8E0919A9-02B2-4F02-9CF3-EDBB8A0CF1AC}.Debug|x64.Build.0 = Debug|x64
		{8E0919A9-02B2-4F02-9CF3-EDBB8A0CF1AC}.Debug|x86.ActiveCfg = Debug|Win32
		{8E0919A9-02B2-4F02-9CF3-EDBB8A0CF1AC}.Debug|x86.Build.0 = Debug|Win32
		{8E0919A9-02B2-4F02-9CF3-EDBB8A0CF1AC}.Release|x64.ActiveCfg = Release|x64
		{8E0919A9-02B2-4F02-9CF3-EDBB8A0CF1AC}.Release|x64.Build.0 = Release|x64
		{8E0919A9-02B2-4F02-9CF3-EDBB8A0CF1AC}.Release|x86.ActiveCfg = Release|Win32
		{8E0919A9-02B2-4F02-9CF3-EDBB8A0CF1AC}.Release|x86.Build.0 = Release|Win32
		{AD070160-141F-4E70-96B4-9D58A07F744F}.Debug|x64.ActiveCfg = Debug|x64
		{AD070160-141F-4E70-96B4-9D58A07F744F}.Debug|x64.Build.0 = Debug|x64
		{AD070160-141F-4E70-96B4-9D58A07F744F}.Debug|x86.ActiveCfg = Debug|Win32
		{AD070160-141F-4E70-96B4-9D58A07F744F}.Debug|x86.Build.0 = Debug|Win32
		{AD070160-141F-4E70-96B4-9D58A07F744F}.Release|x64.ActiveCfg = Release|x64
		{AD070160-141F-4E70-96B4-9D58A07F744F}.Release|x64.Build.0 = Release|x64
		{AD070160-141F-4E70-96B4-9D58A07F744F}.Release|x86.ActiveCfg = Release|Win32
		{AD070160-141F-4E70-96B4-9D58A07F744F}.Release|x86.Build.0 = Release|Win32
		{F8CF0D19-4971-4E0D-B0C5-604C7A54B527}.Debug|x64.ActiveCfg = Debug|x64
		{F8CF0D19-4971-4E0D-B0C5-604C7A54B527}.Debug|x64.Build.0 = Debug|x64
		{F8CF0D19-4971-4E0D-B0C5-604C7A54B527}.Debug|x86.ActiveCfg = Debug|Win32
		{F8CF0D19-4971-4E0D-B0C5-604C7A54B527}.Debug|x86.Build.0 = Debug|Win32
		{F8CF0D19-4971-4E0D-B0C5-604C7A54B527}.Release|x64.ActiveCfg = Release|x64
		{F8CF0D19-4971-4E0D-B0C5-604C7A54B527}.Release|x64.Build.0 = Release|x64
		{F8CF0D19-4971-4E0D-B0C5-604C7A54B527}.Release|x86.ActiveCfg = Release|Win32
		{F8CF0D19-4971-4E0D-B0C5-604C7A54B527}.Release|x86.Build.0 = Release|Win32
		{D93594E4-3624-4422-AE2A-6837FC50DA36}.Debug|x64.ActiveCfg = Debug|x64
		{D93594E4-3624-4422-AE2A-6837FC50DA36}.Debug|x64.Build.0 = Debug|x64
		{D93594E4-3624-4422-AE2A-6837FC50DA36}.Debug|x86.ActiveCfg = Debug|Win32
		{D93594E4-3624-4422-AE2A-6837FC50DA36}.Debug|x86.Build.0 = Debug|Win32
		{D93594E4-3624-4422-AE2A-6837FC50DA36}.Release|x64.ActiveCfg = Release|x64
		{D93594E4-3624-4422-AE2A-6837FC50DA36}.Release|x64.Build.0 = Release|x64
		{D93594E4-3624-4422-AE2A-6837FC50DA36}.Release|x86.ActiveCfg = Release|Win32
		{D93594E4-3624-4422-AE2A-6837FC50DA36}.Release|x86.Build.0 = Release|Win32
		{7D64090E-F44B-4F64-A3DC-A4BF17AD27CA}.Debug|x64.ActiveCfg = Debug|x64
		{7D64090E-F44B-4F64-A3DC-A4BF17AD27CA}.Debug|x64.Build.0 = Debug|x64
		{7D64090E-F44B-4F64-A3DC-A4BF17AD27CA}.Debug|x86.ActiveCfg = Debug|Win32
		{7D64090E-F44B-4F64-A3DC-A4BF17AD27CA}.Debug|x86.Build.0 = Debug|Win32
		{7D64090E-F44B-4F64-A3DC-A4BF17AD27CA}.Release|x64.ActiveCfg = Release|x64
		{7D64090E-F44B-4F64-A3DC-A4BF17AD27CA}.Release|x64.Build.0 = Release|x64
		{7D64090E-F44B-4F64-A3DC-A4BF17AD27CA}.Release|x86.ActiveCfg = Release|Win32
		{7D64090E-F44B-4F64-A3DC-A4BF17AD27CA}.Release|x86.Build.0 = Release|Win32
		{A4106FBB-ECBB-49BD-8A2D-0226E3B77D92}.Debug|x64.ActiveCfg = Debug|x64
		{A4106FBB-ECBB-49BD-8A2D-0226E3B77D92}.Debug|x64.Build.0 = Debug|x64
		{A4106FBB-ECBB-49BD-8A2D-0226E3B77D92}.Debug|x86.ActiveCfg = Debug|Win32
		{A4106FBB-ECBB-49BD-8A2D-0226E3B77D92}.Debug|x86.Build.0 = Debug|Win32
		{A4106FBB-ECBB-49BD-8A2D-0226E3B77D92}.Release|x64.ActiveCfg = Release|x64
		{A4106FBB-ECBB-49BD-8A2D-0226E3B77D92}.Release|x64.Build.0 = Release|x64
		{A4106FBB-ECBB-49BD-8A2D-0226E3B77D92}.Release|x86.ActiveCfg = Release|Win32
		{A4106FBB-ECBB-49BD-8A2D-0226E3B77D92}.Release|x86.Build.0 = Release|Win32
		{3242514D-9A58-4459-B73C-F99D81A64DF5}.Debug|x64.ActiveCfg = Debug|x64
		{3242514D-9A58-4459-B73C-F99D81A64DF5}.Debug|x64.Build.0 = Debug|x64
		{3242514D-9A58-4459-B73C-F99D81A64DF5}.Debug|x86.ActiveCfg = Debug|Win32
		{3242514D-9A58-4459-B73C-F99D81A64DF5}.Debug|x86.Build.0 = Debug|Win32
		{3242514D-9A58-4459-B73C-F99D81A64DF5}.Release|x64.ActiveCfg = Release|x64
		{3242514D-9A58-4459-B73C-F99D81A64DF5}.Release|x64.Build.0 = Release|x64
		{3242514D-9A58-4459-B73C-F99D81A64DF5}.Release|x86.ActiveCfg = Release|Win32
		{3242514D-9A58-4459-B73C-F99D81A64DF5}.Release|x86.Build.0 = Release|Win32
		{A67723F3-27BA-4794-9110-FC94C27B1FFE}.Debug|x64.ActiveCfg = Debug|x64
		{A67723F3-27BA-4794-9110-FC94C27B1FFE}.Debug|x64.Build.0 = Debug|x64
		{A67723F3-27BA-4794-9110-FC94C27B1FFE}.Debug|x86.ActiveCfg = Debug|Win32
		{A67723F3-27BA-4794-9110-FC94C27B1FFE}.Debug|x86.Build.0 = Debug|Win32
		{A67723F3-27BA-4794-9110-FC94C27B1FFE}.Release|x64.ActiveCfg = Release|x64
		{A67723F3-27BA-4794-9110-FC94C27B1FFE}.Release|x64.Build.0 = Release|x64
		{A67723F3-27BA-4794-9110-FC94C27B1FFE}.Release|x86.ActiveCfg = Release|Win32
		{A67723F3-27BA-4794-9110-FC94C27B1FFE}.Release|x86.Build.0 = Release|Win32
		{D6F032C5-603A-45F2-95ED-5EFAE9BEF042}.Debug|x64.ActiveCfg = Debug|x64
		{D6F032C5-603A-45F2-95ED-5EFAE9BEF042}.Debug|x64.Build.0 = Debug|x64
		{D6F032C5-603A-45F2-95ED-5EFAE9BEF042}.Debug|x86.ActiveCfg = Debug|Win32
		{D6F032C5-603A-45F2-95ED-5EFAE9BEF042}.Debug|x86.Build.0 = Debug|Win32
		{D6F032C5-603A-45F2-95ED-5EFAE9BEF042}.Release|x64.ActiveCfg = Release|x64
		{D6F032C5-603A-45F2-95ED-5EFAE9BEF042}.Release|x64.Build.0 = Release|x64
		{D6F032C5-603A-45F2-95ED-5EFAE9BEF042}.Release|x86.ActiveCfg = Release|Win32
		{D6F032C5-603A-45F2-95ED-5EFAE9BEF042}.Release|x86.Build.0 = Release|Win32
		{60562760-8BC8-4FD3-9F81-538A26700AD8}.Debug|x64.ActiveCfg = Debug|x64
		{60562760-8BC8-4FD3-9F81-538A26700AD8}.Debug|x64.Build.0 = Debug|x64
		{60562760-8BC8-4FD3-9F81-538A26700AD8}.Debug|x86.ActiveCfg = Debug|Win32
		{60562760-8BC8-4FD3-9F81-538A26700AD8}.Debug|x86.Build.0 = Debug|Win32
		{60562760-8BC8-4FD3-9F81-538A26700AD8}.Release|x64.ActiveCfg = Release|x64
		{60562760-8BC8-4FD3-9F81-538A26700AD8}.Release|x64.Build.0 = Release|x64
		{60562760-8BC8-4FD3-9F81-538A26700AD8}.Release|x86.ActiveCfg = Release|Win32
		{60562760-8BC8-4FD3-9F81-538A26700AD8}.Release|x86.Build.0 = Release|Win32
		{0D2C0050-6828-4769-B68E-9C04BB484FB5}.Debug|x64.ActiveCfg = Debug|x64
		{0D2C0050-6828-4769-B68E-9C04BB484FB5}.Debug|x64.Build.0 = Debug|x64
		{0D2C0050-6828-4769-B68E-9C04BB484FB5}.Debug|x86.ActiveCfg = Debug|Win32
		{0D2C0050-6828-4769-B68E-9C04BB484FB5}.Debug|x86.Build.0 = Debug|Win32
		{0D2C0050-6828-4769-B68E-9C04BB484FB5}.Release|x64.ActiveCfg = Release|x64
		{0D2C0050-6828-4769-B68E-9C04BB484FB5}.Release|x64.Build.0 = Release|x64
		{0D2C0050-6828-4769-B68E-9C04BB484FB5}.Release|x86.ActiveCfg = Release|Win32
		{0D2C0050-6828-4769-B68E-9C04BB484FB5}.Release|x86.Build.0 = Release|Win32
		{593290AF-5BCC-4BF9-A09C-3D35058292B4}.Debug|x64.ActiveCfg = Debug|x64
		{593290AF-5BCC-4BF9-A09C-3D35058292B4}.Debug|x64.Build.0 = Debug|x64
		{593290AF-5BCC-4BF9-A09C-3D35058292B4}.Debug|x86.ActiveCfg = Debug|Win32
		{593290AF-5BCC-4BF9-A09C-3D35058292B4}.Debug|x86.Build.0 = Debug|Win32
		{593290AF-5BCC-4BF9-A09C-3D35058292B4}.Release|x64.ActiveCfg = Release|x64
		{593290AF-5BCC-4BF9-A09C-3D35058292B4}.Release|x64.Build.0 = Release|x64
		{593290AF-5BCC-4BF9-A09C-3D35058292B4}.Release|x86.ActiveCfg = Release|Win32
		{593290AF-5BCC-4BF9-A09C-3D35058292B4}.Release|x86.Build.0 = Release|Win32
		{62F9DE71-BEF8-484E-9B98-85A4BC6CF7F1}.Debug|x64.ActiveCfg = Debug|x64
		{62F9DE71-BEF8-484E-9B98-85A4BC6CF7F1}.Debug|x64.Build.0 = Debug|x64
		{62F9DE71-BEF8-484E-9B98-85A4BC6CF7F1}.Debug|x86.ActiveCfg = Debug|Win32
		{62F9DE71-BEF8-484E-9B98-85A4BC6CF7F1}.Debug|x86.Build.0 = Debug|Win32
		{62F9DE71-BEF8-484E-9B98-85A4BC6CF7F1}.Release|x64.ActiveCfg = Release|x64
		{62F9DE71-BEF8-484E-9B98-85A4BC6CF7F1}.Release|x64.Build.0 = Release|x64
		{62F9DE71-BEF8-484E-9B98-85A4BC6CF7F1}.Release|x86.ActiveCfg = Release|Win32
		{62F9DE71-BEF8-484E-9B98-85A4BC6CF7F1}.Release|x86.Build.0 = Release|Win32
		{29470BEF-37C5-4A62-BC12-40033F8ED0E9}.Debug|x64.ActiveCfg = Debug|x64
		{29470BEF-37C5-4A62-BC12-40033F8ED0E9}.Debug|x64.Build.0 = Debug|x64
		{29470BEF-37C5-4A62-BC12-40033F8ED0E9}.Debug|x86.ActiveCfg = Debug|Win32
		{29470BEF-37C5-4A62-BC12-40033F8ED0E9}.Debug|x86.Build.0 = Debug|Win32
		{29470BEF-37C5-4A62-BC12-40033F8ED0E9}.Release|x64.ActiveCfg = Release|x64
		{29470BEF-37C5-4A62-BC12-40033F8ED0E9}.Release|x64.Build.0 = Release|x64
		{29470BEF-37C5-4A62-BC12-40033F8ED0E9}.Release|x86.ActiveCfg = Release|Win32
		{29470BEF-37C5-4A62-BC12-40033F8ED0E9}.Release|x86.Build.0 = Release|Win32
		{25A37E64-C455-43A7-B213-F15B844D1245}.Debug|x64.ActiveCfg = Debug|x64
		{25A37E64-C455-43A7-B213-F15B844D1245}.Debug|x64.Build.0 = Debug|x64
		{25A37E64-C455-43A7-B213-F15B844D1245}.Debug|x86.ActiveCfg = Debug|Win32
		{25A37E64-C455-43A7-B213-F15B844D1245}.Debug|x86.Build.0 = Debug|Win32
		{25A37E64-C455-43A7-B213-F15B844D1245}.Release|x64.ActiveCfg = Release|x64
		{25A37E64-C455-43A7-B213-F15B844D1245}.Release|x64.Build.0 = Release|x64
		{25A37E64-C455-43A7-B213-F15B844D1245}.Release|x86.ActiveCfg = Release|Win32
		{25A37E64-C455-43A7-B213-F15B844D1245}.Release|x86.Build.0 = Release|Win32
		{B2CAD055-81FE-41EE-8F53-4785E0373D4A}.Debug|x64.ActiveCfg = Debug|x64
		{B2CAD055-81FE-41EE-8F53-4785E0373D4A}.Debug|x64.Build.0 = Debug|x64
		{B2CAD055-81FE-41EE-8F53-4785E0373D4A}.Debug|x86.ActiveCfg = Debug|Win32
		{B2CAD055-81FE-41EE-8F53-4785E0373D4A}.Debug|x86.Build.0 = Debug|Win32
		{B2CAD055-81FE-41EE-8F53-4785E0373D4A}.Release|x64.ActiveCfg = Release|x64
		{B2CAD055-81FE-41EE-8F53-4785E0373D4A}.Release|x64.Build.0 = Release|x64
		{B2CAD055-81FE-41EE-8F53-4785E0373D4A}.Release|x86.ActiveCfg = Release|Win32
		{B2CAD055-81FE-41EE-8F53-4785E0373D4A}.Release|x86.Build.0 = Release|Win32
		{102BF712-C6AB-4727-987B-A3D5F3C2D926}.Debug|x64.ActiveCfg = Debug|x64
		{102BF712-C6AB-4727-987B-A3D5F3C2D926}.Debug|x64.Build.0 = Debug|x64
		{102BF712-C6AB-4727-987B-A3D5F3C2D926}.Debug|x86.ActiveCfg = Debug|Win32
		{102BF712-C6AB-4727-987B-A3D5F3C2D926}.Debug|x86.Build.0 = Debug|Win32
		{102BF712-C6AB-4727-987B-A3D5F3C2D926}.Release|x64.ActiveCfg = Release|x64
		{102BF712-C6AB-4727-987B-A3D5F3C2D926}.Release|x64.Build.0 = Release|x64
		{102BF712-C6AB-4727-987B-A3D5F3C2D926}.Release|x86.ActiveCfg = Release|Win32
		{102BF712-C6AB-4727-987B-A3D5F3C2D926}.Release|x86.Build.0 = Release|Win32
		{79170B28-1078-492C-84EC-E6A90C5BBA5A}.Debug|x64.ActiveCfg = Debug|x64
		{79170B28-1078-492C-84EC-E6A90C5BBA5A}.Debug|x64.Build.0 = Debug|x64
		{79170B28-1078-492C-84EC-E6A90C5BBA5A}.Debug|x86.ActiveCfg = Debug|Win32
		{79170B28-1078-492C-84EC-E6A90C5BBA5A}.Debug|x86.Build.0 = Debug|Win32
		{79170B28-1078-492C-84EC-E6A90C5BBA5A}.Release|x64.ActiveCfg = Release|x64
		{79170B28-1078-492C-84EC-E6A90C5BBA5A}.Release|x64.Build.0 = Release|x64
		{79170B28-1078-492C-84EC-E6A90C5BBA5A}.Release|x86.ActiveCfg = Release|Win32
		{79170B28-1078-492C-84EC-E6A90C5BBA5A}.Release|x86.Build.0 = Release|Win32
		{C4E7FC27-3C95-4DE9-AF54-703C02566D77}.Debug|x64.ActiveCfg = Debug|x64
		{C4E7FC27-3C95-4DE9-AF54-703C02566D77}.Debug|x64.Build.0 = Debug|x64
		{C4E7FC27-3C95-4DE9-AF54-703C02566D77}.Debug|x86.ActiveCfg = Debug|Win32
		{C4E7FC27-3C95-4DE9-AF54-703C02566D77}.Debug|x86.Build.0 = Debug|Win32
		{C4E7FC27-3C95-4DE9-AF54-703C02566D77}.Release|x64.ActiveCfg = Release|x64
		{C4E7FC27-3C95-4DE9-AF54-703C02566D77}.Release|x64.Build.0 = Release|x64
		{C4E7FC27-3C95-4DE9-AF54-703C02566D77}.Release|x86.ActiveCfg = Release|Win32
		{C4E7FC27-3C95-4DE9-AF54-703C02566D77}.Release|x86.Build.0 = Release|Win32
		{EEC2AFB6-6FB2-4C54-8FD7-974E3818C15B}.Debug|x64.ActiveCfg = Debug|x64
		{EEC2AFB6-6FB2-4C54-8FD7-974E3818C15B}.Debug|x64.Build.0 = Debug|x64
		{EEC2AFB6-6FB2-4C54-8FD7-974E3818C15B}.Debug|x86.ActiveCfg = Debug|Win32
		{EEC2AFB6-6FB2-4C54-8FD7-974E3818C15B}.Debug|x86.Build.0 = Debug|Win32
		{EEC2AFB6-6FB2-4C54-8FD7-974E3818C15B}.Release|x64.ActiveCfg = Release|x64
		{EEC2AFB6-6FB2-4C54-8FD7-974E3818C15B}.Release|x64.Build.0 = Release|x64
		{EEC2AFB6-6FB2-4C54-8FD7-974E3818C15B}.Release|x86.ActiveCfg = Release|Win32
		{EEC2AFB6-6FB2-4C54-8FD7-974E3818C15B}.Release|x86.Build.0 = Release|Win32
		{630AA74C-7A6B-4ACD-A350-4ACF98E787C6}.Debug|x64.ActiveCfg = Debug|x64
		{630AA74C-7A6B-4ACD-A350-4ACF98E787C6}.Debug|x64.Build.0 = Debug|x64
		{630AA74C-7A6B-4ACD-A350-4ACF98E787C6}.Debug|x86.ActiveCfg = Debug|Win32
		{630AA74C-7A6B-4ACD-A350-4ACF98E787C6}.Debug|x86.Build.0 = Debug|Win32
		{630AA74C-7A6B-4ACD-A350-4ACF98E787C6}.Release|x64.ActiveCfg = Release|x64
		{630AA74C-7A6B-4ACD-A350-4ACF98E787C6}.Release|x64.Build.0 = Release|x64
		{630AA74C-7A6B-4ACD-A350-4ACF98E787C6}.Release|x86.ActiveCfg = Release|Win32
		{630AA74C-7A6B-4ACD-A350-4ACF98E787C6}.Release|x86.Build.0 = Release|Win32
		{5A2A2594-ACE6-40DD-8AF3-1FA38162847F}.Debug|x64.ActiveCfg = Debug|x64
		{5A2A2594-ACE6-40DD-8AF3-1FA38162847F}.Debug|x64.Build.0 = Debug|x64
		{5A2A2594-ACE6-40DD-8AF3-1FA38162847F}.Debug|x86.ActiveCfg = Debug|Win32
		{5A2A2594-ACE6-40DD-8AF3-1FA38162847F}.Debug|x86.Build.0 = Debug|Win32
		{5A2A2594-ACE6-40DD-8AF3-1FA38162847F}.Release|x64.ActiveCfg = Release|x64
		{5A2A2594-ACE6-40DD-8AF3-1FA38162847F}.Release|x64.Build.0 = Release|x64
		{5A2A2594-ACE6-40DD-8AF3-1FA38162847F}.Release|x86.ActiveCfg = Release|Win32
		{5A2A2594-ACE6-40DD-8AF3-1FA38162847F}.Release|x86.Build.0 = Release|Win32
		{CAC6AD41-8CC9-4AA3-A682-64AFC59D3D3F}.Debug|x64.ActiveCfg = Debug|x64
		{CAC6AD41-8CC9-4AA3-A682-64AFC59D3D3F}.Debug|x64.Build.0 = Debug|x64
		{CAC6AD41-8CC9-4AA3-A682-64AFC59D3D3F}.Debug|x86.ActiveCfg = Debug|Win32
		{CAC6AD41-8CC9-4AA3-A682-64AFC59D3D3F}.Debug|x86.Build.0 = Debug|Win32
		{CAC6AD41-8CC9-4AA3-A682-64AFC59D3D3F}.Release|x64.ActiveCfg = Release|x64
		{CAC6AD41-8CC9-4AA3-A682-64AFC59D3D3F}.Release|x64.Build.0 = Release|x64
		{CAC6AD41-8CC9-4AA3-A682-64AFC59D3D3F}.Release|x86.ActiveCfg = Release|Win32
		{CAC6AD41-8CC9-4AA3-A682-64AFC59D3D3F}.Release|x86.Build.0 = Release|Win32
		{DA4C3D64-3E70-407B-A765-DF3D63F6580A}.Debug|x64.ActiveCfg = Debug|x64
		{DA4C3D64-3E70-407B-A765-DF3D63F6580A}.Debug|x64.Build.0 = Debug|x64
		{DA4C3D64-3E70-407B-A765-DF3D63F6580A}.Debug|x86.ActiveCfg = Debug|Win32
		{DA4C3D64-3E70-407B-A765-DF3D63F6580A}.Debug|x86.Build.0 = Debug|Win32
		{DA4C3D64-3E70-407B-A765-DF3D63F6580A}.Release|x64.ActiveCfg = Release|x64
		{DA4C3D64-3E70-407B-A765-DF3D63F6580A}.Release|x64.Build.0 = Release|x64
		{DA4C3D64-3E70-407B-A765-DF3D63F6580A}.Release|x86.ActiveCfg = Release|Win32
		{DA4C3D64-3E70-407B-A765-DF3D63F6580A}.Release|x86.Build.0 = Release|Win32
		{282AFF31-8B13-44F4-87C4-E6B88D204940}.Debug|x64.ActiveCfg = Debug|x64
		{282AFF31-8B13-44F4-87C4-E6B88D204940}.Debug|x64.Build.0 = Debug|x64
		{282AFF31-8B13-44F4-87C4-E6B88D204940}.Debug|x86.ActiveCfg = Debug|Win32
		{282AFF31-8B13-44F4-87C4-E6B88D204940}.Debug|x86.Build.0 = Debug|Win32
		{282AFF31-8B13-44F4-87C4-E6B88D204940}.Release|x64.ActiveCfg = Release|x64
		{282AFF31-8B13-44F4-87C4-E6B88D204940}.Release|x64.Build.0 = Release|x64
		{282AFF31-8B13-44F4-87C4-E6B88D204940}.Release|x86.ActiveCfg = Release|Win32
		{282AFF31-8B13-44F4-87C4-E6B88D204940}.Release|x86.Build.0 = Release|Win32
		{FF80C96C-F0A0-4243-AEBA-D6EA4701D750}.Debug|x64.ActiveCfg = Debug|x64
		{FF80C96C-F0A0-4243-AEBA-D6EA4701D750}.Debug|x64.Build.0 = Debug|x64
		{FF80C96C-F0A0-4243-AEBA-D6EA4701D750}.Debug|x86.ActiveCfg = Debug|Win32
		{FF80C96C-F0A0-4243-AEBA-D6EA4701D750}.Debug|x86.Build.0 = Debug|Win32
		{FF80C96C-F0A0-4243-AEBA-D6EA4701D750}.Release|x64.ActiveCfg = Release|x64
		{FF80C96C-F0A0-4243-AEBA-D6EA4701D750}.Release|x64.Build.0 = Release|x64
		{FF80C96C-F0A0-4243-AEBA-D6EA4701D750}.Release|x86.ActiveCfg = Release|Win32
		{FF80C96C-F0A0-4243-AEBA-D6EA4701D750}.Release|x86.Build.0 = Release|Win32
	EndGlobalSection
	GlobalSection(SolutionProperties) = preSolution
		HideSolutionNode = FALSE
	EndGlobalSection
	GlobalSection(ExtensibilityGlobals) = postSolution
		SolutionGuid = {773468A9-9422-4741-BEBD-A9B6A9321D7C}
	EndGlobalSection
EndGlobal
